
Microsoft Visual Studio Solution File, Format Version 12.00
# Visual Studio 15
VisualStudioVersion = 15.0.26730.15
MinimumVisualStudioVersion = 10.0.40219.1
Project("{FAE04EC0-301F-11D3-BF4B-00C04F79EFBC}") = "Dominator.Windows10", "Dominator.Windows10\Dominator.Windows10.csproj", "{682BD86C-1911-46CE-87FE-53381679C08B}"
EndProject
Project("{FAE04EC0-301F-11D3-BF4B-00C04F79EFBC}") = "Dominator.Net", "Dominator.Net\Dominator.Net.csproj", "{5510519F-6352-4690-86E5-0FBB1F5B6088}"
EndProject
Project("{FAE04EC0-301F-11D3-BF4B-00C04F79EFBC}") = "Dominator.Tests", "Dominator.Tests\Dominator.Tests.csproj", "{4437A05C-6AA0-498E-9E74-B73EE66052E6}"
EndProject
Project("{2150E333-8FDC-42A3-9474-1A3956D46DE8}") = "Solution Items", "Solution Items", "{CA684478-7955-439D-912D-F905EE517B3A}"
	ProjectSection(SolutionItems) = preProject
		Makefile = Makefile
		README.md = README.md
	EndProjectSection
EndProject
Global
	GlobalSection(SolutionConfigurationPlatforms) = preSolution
		Debug|Any CPU = Debug|Any CPU
		Release|Any CPU = Release|Any CPU
	EndGlobalSection
	GlobalSection(ProjectConfigurationPlatforms) = postSolution
		{682BD86C-1911-46CE-87FE-53381679C08B}.Debug|Any CPU.ActiveCfg = Debug|Any CPU
		{682BD86C-1911-46CE-87FE-53381679C08B}.Debug|Any CPU.Build.0 = Debug|Any CPU
		{682BD86C-1911-46CE-87FE-53381679C08B}.Release|Any CPU.ActiveCfg = Release|Any CPU
		{682BD86C-1911-46CE-87FE-53381679C08B}.Release|Any CPU.Build.0 = Release|Any CPU
		{5510519F-6352-4690-86E5-0FBB1F5B6088}.Debug|Any CPU.ActiveCfg = Debug|Any CPU
		{5510519F-6352-4690-86E5-0FBB1F5B6088}.Debug|Any CPU.Build.0 = Debug|Any CPU
		{5510519F-6352-4690-86E5-0FBB1F5B6088}.Release|Any CPU.ActiveCfg = Release|Any CPU
		{5510519F-6352-4690-86E5-0FBB1F5B6088}.Release|Any CPU.Build.0 = Release|Any CPU
		{4437A05C-6AA0-498E-9E74-B73EE66052E6}.Debug|Any CPU.ActiveCfg = Debug|Any CPU
		{4437A05C-6AA0-498E-9E74-B73EE66052E6}.Debug|Any CPU.Build.0 = Debug|Any CPU
		{4437A05C-6AA0-498E-9E74-B73EE66052E6}.Release|Any CPU.ActiveCfg = Release|Any CPU
		{4437A05C-6AA0-498E-9E74-B73EE66052E6}.Release|Any CPU.Build.0 = Release|Any CPU
	EndGlobalSection
	GlobalSection(SolutionProperties) = preSolution
		HideSolutionNode = FALSE
	EndGlobalSection
	GlobalSection(ExtensibilityGlobals) = postSolution
		SolutionGuid = {C6282D60-E164-422C-862C-A3EF1084A3FC}
	EndGlobalSection
EndGlobal
